
Microsoft Visual Studio Solution File, Format Version 12.00
# Visual Studio Version 17
VisualStudioVersion = 17.11.35222.181
MinimumVisualStudioVersion = 10.0.40219.1
Project("{FAE04EC0-301F-11D3-BF4B-00C04F79EFBC}") = "Media_Player", "Design_Pattern_Adapter\Media_Player.csproj", "{DB4D293A-612E-40B0-917A-5EB313EC0267}"
EndProject
Project("{FAE04EC0-301F-11D3-BF4B-00C04F79EFBC}") = "TestProject1", "TestProject1\TestProject1.csproj", "{AE05047D-0155-4F3F-AB8C-77702E95D87B}"
EndProject
Global
	GlobalSection(SolutionConfigurationPlatforms) = preSolution
		Debug|Any CPU = Debug|Any CPU
		Release|Any CPU = Release|Any CPU
	EndGlobalSection
	GlobalSection(ProjectConfigurationPlatforms) = postSolution
		{DB4D293A-612E-40B0-917A-5EB313EC0267}.Debug|Any CPU.ActiveCfg = Debug|Any CPU
		{DB4D293A-612E-40B0-917A-5EB313EC0267}.Debug|Any CPU.Build.0 = Debug|Any CPU
		{DB4D293A-612E-40B0-917A-5EB313EC0267}.Release|Any CPU.ActiveCfg = Release|Any CPU
		{DB4D293A-612E-40B0-917A-5EB313EC0267}.Release|Any CPU.Build.0 = Release|Any CPU
		{AE05047D-0155-4F3F-AB8C-77702E95D87B}.Debug|Any CPU.ActiveCfg = Debug|Any CPU
		{AE05047D-0155-4F3F-AB8C-77702E95D87B}.Debug|Any CPU.Build.0 = Debug|Any CPU
		{AE05047D-0155-4F3F-AB8C-77702E95D87B}.Release|Any CPU.ActiveCfg = Release|Any CPU
		{AE05047D-0155-4F3F-AB8C-77702E95D87B}.Release|Any CPU.Build.0 = Release|Any CPU
	EndGlobalSection
	GlobalSection(SolutionProperties) = preSolution
		HideSolutionNode = FALSE
	EndGlobalSection
	GlobalSection(ExtensibilityGlobals) = postSolution
		SolutionGuid = {78E22D65-7543-4361-BC1D-41C40BE4B55C}
	EndGlobalSection
EndGlobal
